
Microsoft Visual Studio Solution File, Format Version 12.00
# Visual Studio 15
VisualStudioVersion = 15.0.28307.489
MinimumVisualStudioVersion = 10.0.40219.1
Project("{9A19103F-16F7-4668-BE54-9A1E7A4F7556}") = "GuessingGame", "GuessingGame\GuessingGame.csproj", "{C5F079FD-E458-4123-AF8B-51FE656C21AF}"
EndProject
Project("{FAE04EC0-301F-11D3-BF4B-00C04F79EFBC}") = "GuessingGameTests", "GuessingGameTests\GuessingGameTests.csproj", "{3C24A916-26C0-48B9-B34C-5A8DDC6B68B1}"
EndProject
Global
	GlobalSection(SolutionConfigurationPlatforms) = preSolution
		Debug|Any CPU = Debug|Any CPU
		Release|Any CPU = Release|Any CPU
	EndGlobalSection
	GlobalSection(ProjectConfigurationPlatforms) = postSolution
		{C5F079FD-E458-4123-AF8B-51FE656C21AF}.Debug|Any CPU.ActiveCfg = Debug|Any CPU
		{C5F079FD-E458-4123-AF8B-51FE656C21AF}.Debug|Any CPU.Build.0 = Debug|Any CPU
		{C5F079FD-E458-4123-AF8B-51FE656C21AF}.Release|Any CPU.ActiveCfg = Release|Any CPU
		{C5F079FD-E458-4123-AF8B-51FE656C21AF}.Release|Any CPU.Build.0 = Release|Any CPU
		{3C24A916-26C0-48B9-B34C-5A8DDC6B68B1}.Debug|Any CPU.ActiveCfg = Debug|Any CPU
		{3C24A916-26C0-48B9-B34C-5A8DDC6B68B1}.Debug|Any CPU.Build.0 = Debug|Any CPU
		{3C24A916-26C0-48B9-B34C-5A8DDC6B68B1}.Release|Any CPU.ActiveCfg = Release|Any CPU
		{3C24A916-26C0-48B9-B34C-5A8DDC6B68B1}.Release|Any CPU.Build.0 = Release|Any CPU
	EndGlobalSection
	GlobalSection(SolutionProperties) = preSolution
		HideSolutionNode = FALSE
	EndGlobalSection
	GlobalSection(ExtensibilityGlobals) = postSolution
		SolutionGuid = {4CE812A6-DAC3-41DA-91B8-12AC3AE4646B}
	EndGlobalSection
EndGlobal
